
Microsoft Visual Studio Solution File, Format Version 12.00
# Visual Studio Version 16
VisualStudioVersion = 16.0.30907.101
MinimumVisualStudioVersion = 10.0.40219.1
Project("{FAE04EC0-301F-11D3-BF4B-00C04F79EFBC}") = "GameMarket", "GameMarket\GameMarket.csproj", "{BC5EE9E9-C5B5-4BBE-B9F8-5A143E5FE388}"
EndProject
Global
	GlobalSection(SolutionConfigurationPlatforms) = preSolution
		Debug|Any CPU = Debug|Any CPU
		Release|Any CPU = Release|Any CPU
	EndGlobalSection
	GlobalSection(ProjectConfigurationPlatforms) = postSolution
		{BC5EE9E9-C5B5-4BBE-B9F8-5A143E5FE388}.Debug|Any CPU.ActiveCfg = Debug|Any CPU
		{BC5EE9E9-C5B5-4BBE-B9F8-5A143E5FE388}.Debug|Any CPU.Build.0 = Debug|Any CPU
		{BC5EE9E9-C5B5-4BBE-B9F8-5A143E5FE388}.Release|Any CPU.ActiveCfg = Release|Any CPU
		{BC5EE9E9-C5B5-4BBE-B9F8-5A143E5FE388}.Release|Any CPU.Build.0 = Release|Any CPU
	EndGlobalSection
	GlobalSection(SolutionProperties) = preSolution
		HideSolutionNode = FALSE
	EndGlobalSection
	GlobalSection(ExtensibilityGlobals) = postSolution
		SolutionGuid = {E0CA163E-C16B-494D-8AD0-96755935F838}
	EndGlobalSection
EndGlobal
